Microsoft Visual Studio Solution File, Format Version 12.00
# Visual Studio Version 17
VisualStudioVersion = 17.5.33414.496
MinimumVisualStudioVersion = 10.0.40219.1
Project("{FAE04EC0-301F-11D3-BF4B-00C04F79EFBC}") = "Expressium.Coffeeshop.Web.API", "Expressium.Coffeeshop.Web.API\Expressium.Coffeeshop.Web.API.csproj", "{C3C90606-9E62-457B-990D-550CADD0AFD9}"
EndProject
Project("{FAE04EC0-301F-11D3-BF4B-00C04F79EFBC}") = "Expressium.Coffeeshop.Web.API.Tests", "Expressium.Coffeeshop.Web.API.Tests\Expressium.Coffeeshop.Web.API.Tests.csproj", "{90B24486-871B-4116-9219-98B24E225D28}"
EndProject
Project("{FAE04EC0-301F-11D3-BF4B-00C04F79EFBC}") = "Expressium.CucumberMessages", "Expressium.CucumberMessages\Expressium.CucumberMessages.csproj", "{31BDD671-88D7-429F-8D8C-80307B9E98A1}"
EndProject
Project("{FAE04EC0-301F-11D3-BF4B-00C04F79EFBC}") = "Expressium.LivingDoc", "Expressium.LivingDoc\Expressium.LivingDoc.csproj", "{E1A94A76-6B39-4D4D-AFDB-032E2C469D73}"
EndProject
Project("{FAE04EC0-301F-11D3-BF4B-00C04F79EFBC}") = "Expressium.LivingDocReport", "Expressium.LivingDocReport\Expressium.LivingDocReport.csproj", "{D6BE76B5-C907-4B04-A2C3-03B7FA8659CE}"
EndProject
Project("{FAE04EC0-301F-11D3-BF4B-00C04F79EFBC}") = "Expressium.Cucumber.Integrations", "Expressium.Cucumber.Integrations\Expressium.Cucumber.Integrations.csproj", "{1AF1AA98-76B0-4DB9-B361-B383E078F169}"
EndProject
Project("{FAE04EC0-301F-11D3-BF4B-00C04F79EFBC}") = "Expressium.Cucumber.Integrations.Tests", "Expressium.Cucumber.Integrations.Tests\Expressium.Cucumber.Integrations.Tests.csproj", "{8160453C-F740-4F91-9E3C-4BAE43B7A190}"
EndProject
Global
	GlobalSection(SolutionConfigurationPlatforms) = preSolution
		Debug|Any CPU = Debug|Any CPU
		Release|Any CPU = Release|Any CPU
	EndGlobalSection
	GlobalSection(ProjectConfigurationPlatforms) = postSolution
		{C3C90606-9E62-457B-990D-550CADD0AFD9}.Debug|Any CPU.ActiveCfg = Debug|Any CPU
		{C3C90606-9E62-457B-990D-550CADD0AFD9}.Debug|Any CPU.Build.0 = Debug|Any CPU
		{C3C90606-9E62-457B-990D-550CADD0AFD9}.Release|Any CPU.ActiveCfg = Release|Any CPU
		{C3C90606-9E62-457B-990D-550CADD0AFD9}.Release|Any CPU.Build.0 = Release|Any CPU
		{90B24486-871B-4116-9219-98B24E225D28}.Debug|Any CPU.ActiveCfg = Debug|Any CPU
		{90B24486-871B-4116-9219-98B24E225D28}.Debug|Any CPU.Build.0 = Debug|Any CPU
		{90B24486-871B-4116-9219-98B24E225D28}.Release|Any CPU.ActiveCfg = Release|Any CPU
		{90B24486-871B-4116-9219-98B24E225D28}.Release|Any CPU.Build.0 = Release|Any CPU
		{31BDD671-88D7-429F-8D8C-80307B9E98A1}.Debug|Any CPU.ActiveCfg = Debug|Any CPU
		{31BDD671-88D7-429F-8D8C-80307B9E98A1}.Debug|Any CPU.Build.0 = Debug|Any CPU
		{31BDD671-88D7-429F-8D8C-80307B9E98A1}.Release|Any CPU.ActiveCfg = Release|Any CPU
		{31BDD671-88D7-429F-8D8C-80307B9E98A1}.Release|Any CPU.Build.0 = Release|Any CPU
		{E1A94A76-6B39-4D4D-AFDB-032E2C469D73}.Debug|Any CPU.ActiveCfg = Debug|Any CPU
		{E1A94A76-6B39-4D4D-AFDB-032E2C469D73}.Debug|Any CPU.Build.0 = Debug|Any CPU
		{E1A94A76-6B39-4D4D-AFDB-032E2C469D73}.Release|Any CPU.ActiveCfg = Release|Any CPU
		{E1A94A76-6B39-4D4D-AFDB-032E2C469D73}.Release|Any CPU.Build.0 = Release|Any CPU
		{D6BE76B5-C907-4B04-A2C3-03B7FA8659CE}.Debug|Any CPU.ActiveCfg = Debug|Any CPU
		{D6BE76B5-C907-4B04-A2C3-03B7FA8659CE}.Debug|Any CPU.Build.0 = Debug|Any CPU
		{D6BE76B5-C907-4B04-A2C3-03B7FA8659CE}.Release|Any CPU.ActiveCfg = Release|Any CPU
		{D6BE76B5-C907-4B04-A2C3-03B7FA8659CE}.Release|Any CPU.Build.0 = Release|Any CPU
		{1AF1AA98-76B0-4DB9-B361-B383E078F169}.Debug|Any CPU.ActiveCfg = Debug|Any CPU
		{1AF1AA98-76B0-4DB9-B361-B383E078F169}.Debug|Any CPU.Build.0 = Debug|Any CPU
		{1AF1AA98-76B0-4DB9-B361-B383E078F169}.Release|Any CPU.ActiveCfg = Release|Any CPU
		{1AF1AA98-76B0-4DB9-B361-B383E078F169}.Release|Any CPU.Build.0 = Release|Any CPU
		{8160453C-F740-4F91-9E3C-4BAE43B7A190}.Debug|Any CPU.ActiveCfg = Debug|Any CPU
		{8160453C-F740-4F91-9E3C-4BAE43B7A190}.Debug|Any CPU.Build.0 = Debug|Any CPU
		{8160453C-F740-4F91-9E3C-4BAE43B7A190}.Release|Any CPU.ActiveCfg = Release|Any CPU
		{8160453C-F740-4F91-9E3C-4BAE43B7A190}.Release|Any CPU.Build.0 = Release|Any CPU
	EndGlobalSection
	GlobalSection(SolutionProperties) = preSolution
		HideSolutionNode = FALSE
	EndGlobalSection
	GlobalSection(ExtensibilityGlobals) = postSolution
		SolutionGuid = {9C26B8E6-0C69-4157-8F92-A3D8D201F625}
	EndGlobalSection
EndGlobal
