Microsoft Visual Studio Solution File, Format Version 12.00
# Visual Studio Version 17
VisualStudioVersion = 17.5.33414.496
MinimumVisualStudioVersion = 10.0.40219.1
Project("{FAE04EC0-301F-11D3-BF4B-00C04F79EFBC}") = "Expressium.Coffeeshop.Web.API", "Expressium.Coffeeshop.Web.API\Expressium.Coffeeshop.Web.API.csproj", "{C3C90606-9E62-457B-990D-550CADD0AFD9}"
EndProject
Project("{FAE04EC0-301F-11D3-BF4B-00C04F79EFBC}") = "Expressium.Coffeeshop.Web.API.Tests", "Expressium.Coffeeshop.Web.API.Tests\Expressium.Coffeeshop.Web.API.Tests.csproj", "{90B24486-871B-4116-9219-98B24E225D28}"
EndProject
Project("{FAE04EC0-301F-11D3-BF4B-00C04F79EFBC}") = "Expressium.LivingDoc", "Expressium.LivingDoc\Expressium.LivingDoc.csproj", "{9B1D865A-9FAC-C016-A091-B3DD5C1E4523}"
EndProject
Project("{FAE04EC0-301F-11D3-BF4B-00C04F79EFBC}") = "Expressium.LivingDoc.UnitTests", "Expressium.LivingDoc.Tests\Expressium.LivingDoc.UnitTests.csproj", "{4E237D7E-83A8-1553-F140-110E08EE8AC9}"
EndProject
Project("{FAE04EC0-301F-11D3-BF4B-00C04F79EFBC}") = "Expressium.LivingDoc.UITests", "Expressium.LivingDoc.UITests\Expressium.LivingDoc.UITests.csproj", "{A9E9A13B-9FFE-FA71-C20D-3550860E4796}"
EndProject
Global
	GlobalSection(SolutionConfigurationPlatforms) = preSolution
		Debug|Any CPU = Debug|Any CPU
		Release|Any CPU = Release|Any CPU
	EndGlobalSection
	GlobalSection(ProjectConfigurationPlatforms) = postSolution
		{C3C90606-9E62-457B-990D-550CADD0AFD9}.Debug|Any CPU.ActiveCfg = Debug|Any CPU
		{C3C90606-9E62-457B-990D-550CADD0AFD9}.Debug|Any CPU.Build.0 = Debug|Any CPU
		{C3C90606-9E62-457B-990D-550CADD0AFD9}.Release|Any CPU.ActiveCfg = Release|Any CPU
		{C3C90606-9E62-457B-990D-550CADD0AFD9}.Release|Any CPU.Build.0 = Release|Any CPU
		{90B24486-871B-4116-9219-98B24E225D28}.Debug|Any CPU.ActiveCfg = Debug|Any CPU
		{90B24486-871B-4116-9219-98B24E225D28}.Debug|Any CPU.Build.0 = Debug|Any CPU
		{90B24486-871B-4116-9219-98B24E225D28}.Release|Any CPU.ActiveCfg = Release|Any CPU
		{90B24486-871B-4116-9219-98B24E225D28}.Release|Any CPU.Build.0 = Release|Any CPU
		{9B1D865A-9FAC-C016-A091-B3DD5C1E4523}.Debug|Any CPU.ActiveCfg = Debug|Any CPU
		{9B1D865A-9FAC-C016-A091-B3DD5C1E4523}.Debug|Any CPU.Build.0 = Debug|Any CPU
		{9B1D865A-9FAC-C016-A091-B3DD5C1E4523}.Release|Any CPU.ActiveCfg = Release|Any CPU
		{9B1D865A-9FAC-C016-A091-B3DD5C1E4523}.Release|Any CPU.Build.0 = Release|Any CPU
		{4E237D7E-83A8-1553-F140-110E08EE8AC9}.Debug|Any CPU.ActiveCfg = Debug|Any CPU
		{4E237D7E-83A8-1553-F140-110E08EE8AC9}.Debug|Any CPU.Build.0 = Debug|Any CPU
		{4E237D7E-83A8-1553-F140-110E08EE8AC9}.Release|Any CPU.ActiveCfg = Release|Any CPU
		{4E237D7E-83A8-1553-F140-110E08EE8AC9}.Release|Any CPU.Build.0 = Release|Any CPU
		{A9E9A13B-9FFE-FA71-C20D-3550860E4796}.Debug|Any CPU.ActiveCfg = Debug|Any CPU
		{A9E9A13B-9FFE-FA71-C20D-3550860E4796}.Debug|Any CPU.Build.0 = Debug|Any CPU
		{A9E9A13B-9FFE-FA71-C20D-3550860E4796}.Release|Any CPU.ActiveCfg = Release|Any CPU
		{A9E9A13B-9FFE-FA71-C20D-3550860E4796}.Release|Any CPU.Build.0 = Release|Any CPU
	EndGlobalSection
	GlobalSection(SolutionProperties) = preSolution
		HideSolutionNode = FALSE
	EndGlobalSection
	GlobalSection(ExtensibilityGlobals) = postSolution
		SolutionGuid = {9C26B8E6-0C69-4157-8F92-A3D8D201F625}
	EndGlobalSection
EndGlobal
